
Microsoft Visual Studio Solution File, Format Version 12.00
# Visual Studio Version 17
VisualStudioVersion = 17.3.32929.385
MinimumVisualStudioVersion = 10.0.40219.1
Project("{FAE04EC0-301F-11D3-BF4B-00C04F79EFBC}") = "UdemyRabbitMQ.Publisher", "UdemyRabbitMQ.Publisher\UdemyRabbitMQ.Publisher.csproj", "{450C91B5-DE8D-40E9-8DD8-60A9DCD35CE3}"
EndProject
Project("{FAE04EC0-301F-11D3-BF4B-00C04F79EFBC}") = "UdemyRabbitMQ.Subscriber", "UdemyRabbitMQ.Subscriber\UdemyRabbitMQ.Subscriber.csproj", "{4814C2B7-BA96-4526-B92A-2F4C59ACC0FD}"
EndProject
Global
	GlobalSection(SolutionConfigurationPlatforms) = preSolution
		Debug|Any CPU = Debug|Any CPU
		Release|Any CPU = Release|Any CPU
	EndGlobalSection
	GlobalSection(ProjectConfigurationPlatforms) = postSolution
		{450C91B5-DE8D-40E9-8DD8-60A9DCD35CE3}.Debug|Any CPU.ActiveCfg = Debug|Any CPU
		{450C91B5-DE8D-40E9-8DD8-60A9DCD35CE3}.Debug|Any CPU.Build.0 = Debug|Any CPU
		{450C91B5-DE8D-40E9-8DD8-60A9DCD35CE3}.Release|Any CPU.ActiveCfg = Release|Any CPU
		{450C91B5-DE8D-40E9-8DD8-60A9DCD35CE3}.Release|Any CPU.Build.0 = Release|Any CPU
		{4814C2B7-BA96-4526-B92A-2F4C59ACC0FD}.Debug|Any CPU.ActiveCfg = Debug|Any CPU
		{4814C2B7-BA96-4526-B92A-2F4C59ACC0FD}.Debug|Any CPU.Build.0 = Debug|Any CPU
		{4814C2B7-BA96-4526-B92A-2F4C59ACC0FD}.Release|Any CPU.ActiveCfg = Release|Any CPU
		{4814C2B7-BA96-4526-B92A-2F4C59ACC0FD}.Release|Any CPU.Build.0 = Release|Any CPU
	EndGlobalSection
	GlobalSection(SolutionProperties) = preSolution
		HideSolutionNode = FALSE
	EndGlobalSection
	GlobalSection(ExtensibilityGlobals) = postSolution
		SolutionGuid = {BE2491D7-86CD-447E-B19B-313627580F90}
	EndGlobalSection
EndGlobal
